
Microsoft Visual Studio Solution File, Format Version 12.00
# Visual Studio Version 16
VisualStudioVersion = 16.0.31729.503
MinimumVisualStudioVersion = 10.0.40219.1
Project("{FAE04EC0-301F-11D3-BF4B-00C04F79EFBC}") = "PracticeWithMike", "PracticeWithMike\PracticeWithMike.csproj", "{44369CDF-3097-43A6-B2CF-0B92A99B24FA}"
EndProject
Global
	GlobalSection(SolutionConfigurationPlatforms) = preSolution
		Debug|Any CPU = Debug|Any CPU
		Release|Any CPU = Release|Any CPU
	EndGlobalSection
	GlobalSection(ProjectConfigurationPlatforms) = postSolution
		{44369CDF-3097-43A6-B2CF-0B92A99B24FA}.Debug|Any CPU.ActiveCfg = Debug|Any CPU
		{44369CDF-3097-43A6-B2CF-0B92A99B24FA}.Debug|Any CPU.Build.0 = Debug|Any CPU
		{44369CDF-3097-43A6-B2CF-0B92A99B24FA}.Release|Any CPU.ActiveCfg = Release|Any CPU
		{44369CDF-3097-43A6-B2CF-0B92A99B24FA}.Release|Any CPU.Build.0 = Release|Any CPU
	EndGlobalSection
	GlobalSection(SolutionProperties) = preSolution
		HideSolutionNode = FALSE
	EndGlobalSection
	GlobalSection(ExtensibilityGlobals) = postSolution
		SolutionGuid = {CD2C2281-1CA3-4BA6-90C4-F479FF87804A}
	EndGlobalSection
EndGlobal
